
Microsoft Visual Studio Solution File, Format Version 12.00
Project("{FAE04EC0-301F-11D3-BF4B-00C04F79EFBC}") = "TestingSystem.PL", "TestingSystem.PL\TestingSystem.PL.csproj", "{167E2615-3754-4D4C-8C94-5F878D497977}"
EndProject
Project("{FAE04EC0-301F-11D3-BF4B-00C04F79EFBC}") = "TestingSystem.DAL", "TestingSystem.DAL\TestingSystem.DAL.csproj", "{392F8D23-5A04-408C-8BE8-ADE1EDBB47F1}"
EndProject
Project("{FAE04EC0-301F-11D3-BF4B-00C04F79EFBC}") = "TestingSystem.BLL", "TestingSystem.BLL\TestingSystem.BLL.csproj", "{BDC3BCF4-1F19-4097-9B96-22342A519853}"
EndProject
Project("{FAE04EC0-301F-11D3-BF4B-00C04F79EFBC}") = "TestingSystem.Tests", "TestingSystem.Tests\TestingSystem.Tests.csproj", "{97A9A8A3-465F-4ECE-B1C6-FD1F7A45F48F}"
EndProject
Global
	GlobalSection(SolutionConfigurationPlatforms) = preSolution
		Debug|Any CPU = Debug|Any CPU
		Release|Any CPU = Release|Any CPU
	EndGlobalSection
	GlobalSection(ProjectConfigurationPlatforms) = postSolution
		{167E2615-3754-4D4C-8C94-5F878D497977}.Debug|Any CPU.ActiveCfg = Debug|Any CPU
		{167E2615-3754-4D4C-8C94-5F878D497977}.Debug|Any CPU.Build.0 = Debug|Any CPU
		{167E2615-3754-4D4C-8C94-5F878D497977}.Release|Any CPU.ActiveCfg = Release|Any CPU
		{167E2615-3754-4D4C-8C94-5F878D497977}.Release|Any CPU.Build.0 = Release|Any CPU
		{392F8D23-5A04-408C-8BE8-ADE1EDBB47F1}.Debug|Any CPU.ActiveCfg = Debug|Any CPU
		{392F8D23-5A04-408C-8BE8-ADE1EDBB47F1}.Debug|Any CPU.Build.0 = Debug|Any CPU
		{392F8D23-5A04-408C-8BE8-ADE1EDBB47F1}.Release|Any CPU.ActiveCfg = Release|Any CPU
		{392F8D23-5A04-408C-8BE8-ADE1EDBB47F1}.Release|Any CPU.Build.0 = Release|Any CPU
		{BDC3BCF4-1F19-4097-9B96-22342A519853}.Debug|Any CPU.ActiveCfg = Debug|Any CPU
		{BDC3BCF4-1F19-4097-9B96-22342A519853}.Debug|Any CPU.Build.0 = Debug|Any CPU
		{BDC3BCF4-1F19-4097-9B96-22342A519853}.Release|Any CPU.ActiveCfg = Release|Any CPU
		{BDC3BCF4-1F19-4097-9B96-22342A519853}.Release|Any CPU.Build.0 = Release|Any CPU
		{97A9A8A3-465F-4ECE-B1C6-FD1F7A45F48F}.Debug|Any CPU.ActiveCfg = Debug|Any CPU
		{97A9A8A3-465F-4ECE-B1C6-FD1F7A45F48F}.Debug|Any CPU.Build.0 = Debug|Any CPU
		{97A9A8A3-465F-4ECE-B1C6-FD1F7A45F48F}.Release|Any CPU.ActiveCfg = Release|Any CPU
		{97A9A8A3-465F-4ECE-B1C6-FD1F7A45F48F}.Release|Any CPU.Build.0 = Release|Any CPU
	EndGlobalSection
EndGlobal
